{
  "name": "reflaxe-ocaml-dev",
  "lockfileVersion": 3,
  "requires": true,
  "packages": {
    "": {
      "name": "reflaxe-ocaml-dev",
      "devDependencies": {
        "lix": "16.0.2"
      }
    },
    "node_modules/lix": {
      "version": "16.0.2",
      "resolved": "https://registry.npmjs.org/lix/-/lix-16.0.2.tgz",
      "integrity": "sha512-glGk7BpzTWn8T92M32jC28TmZ/CFAXMG3oxII3bF0f42HQ1gxF/e+W9ZjL0J8gnZpaTzaRUmoGiID2epdrUL5Q==",
      "dev": true,
      "hasInstallScript": true,
      "license": "MIT",
      "bin": {
        "haxe": "bin/haxeshim.js",
        "haxelib": "bin/haxelibshim.js",
        "lix": "bin/lix.js",
        "neko": "bin/nekoshim.js"
      }
    }
  }
}
